// !$*UTF8*$!
{
	archiveVersion = 1;
	classes = {
	};
	objectVersion = 56;
	objects = {

/* Begin PBXBuildFile section */
		926BD8D42B894E7900C561BF /* AppDelegate.swift in Sources */ = {isa = PBXBuildFile; fileRef = 926BD8D32B894E7900C561BF /* AppDelegate.swift */; };
		926BD8D62B894E7900C561BF /* SceneDelegate.swift in Sources */ = {isa = PBXBuildFile; fileRef = 926BD8D52B894E7900C561BF /* SceneDelegate.swift */; };
		926BD8D82B894E7900C561BF /* ViewController.swift in Sources */ = {isa = PBXBuildFile; fileRef = 926BD8D72B894E7900C561BF /* ViewController.swift */; };
		926BD8DB2B894E7900C561BF /* Main.storyboard in Resources */ = {isa = PBXBuildFile; fileRef = 926BD8D92B894E7900C561BF /* Main.storyboard */; };
		926BD8DD2B894E7A00C561BF /* Assets.xcassets in Resources */ = {isa = PBXBuildFile; fileRef = 926BD8DC2B894E7A00C561BF /* Assets.xcassets */; };
		926BD8E02B894E7A00C561BF /* LaunchScreen.storyboard in Resources */ = {isa = PBXBuildFile; fileRef = 926BD8DE2B894E7A00C561BF /* LaunchScreen.storyboard */; };
		926BD8E92B89503300C561BF /* Lottie in Frameworks */ = {isa = PBXBuildFile; productRef = 926BD8E82B89503300C561BF /* Lottie */; };
		926BD8F62B89536F00C561BF /* Animation.json in Resources */ = {isa = PBXBuildFile; fileRef = 926BD8F52B89536F00C561BF /* Animation.json */; };
		926BD8FB2B897E4B00C561BF /* SnapKit in Frameworks */ = {isa = PBXBuildFile; productRef = 926BD8FA2B897E4B00C561BF /* SnapKit */; };
		92CE61BC2B89EF0C009BBAB6 /* CompositionalLayoutSectionHelper.swift in Sources */ = {isa = PBXBuildFile; fileRef = 92CE61BB2B89EF0C009BBAB6 /* CompositionalLayoutSectionHelper.swift */; };
/* End PBXBuildFile section */

/* Begin PBXFileReference section */
		926BD8D02B894E7900C561BF /* pulltorefresh.app */ = {isa = PBXFileReference; explicitFileType = wrapper.application; includeInIndex = 0; path = pulltorefresh.app; sourceTree = BUILT_PRODUCTS_DIR; };
		926BD8D32B894E7900C561BF /* AppDelegate.swift */ = {isa = PBXFileReference; lastKnownFileType = sourcecode.swift; path = AppDelegate.swift; sourceTree = "<group>"; };
		926BD8D52B894E7900C561BF /* SceneDelegate.swift */ = {isa = PBXFileReference; lastKnownFileType = sourcecode.swift; path = SceneDelegate.swift; sourceTree = "<group>"; };
		926BD8D72B894E7900C561BF /* ViewController.swift */ = {isa = PBXFileReference; lastKnownFileType = sourcecode.swift; path = ViewController.swift; sourceTree = "<group>"; };
		926BD8DA2B894E7900C561BF /* Base */ = {isa = PBXFileReference; lastKnownFileType = file.storyboard; name = Base; path = Base.lproj/Main.storyboard; sourceTree = "<group>"; };
		926BD8DC2B894E7A00C561BF /* Assets.xcassets */ = {isa = PBXFileReference; lastKnownFileType = folder.assetcatalog; path = Assets.xcassets; sourceTree = "<group>"; };
		926BD8DF2B894E7A00C561BF /* Base */ = {isa = PBXFileReference; lastKnownFileType = file.storyboard; name = Base; path = Base.lproj/LaunchScreen.storyboard; sourceTree = "<group>"; };
		926BD8E12B894E7A00C561BF /* Info.plist */ = {isa = PBXFileReference; lastKnownFileType = text.plist.xml; path = Info.plist; sourceTree = "<group>"; };
		926BD8F52B89536F00C561BF /* Animation.json */ = {isa = PBXFileReference; fileEncoding = 4; lastKnownFileType = text.json; path = Animation.json; sourceTree = "<group>"; };
		92CE61BB2B89EF0C009BBAB6 /* CompositionalLayoutSectionHelper.swift */ = {isa = PBXFileReference; lastKnownFileType = sourcecode.swift; path = CompositionalLayoutSectionHelper.swift; sourceTree = "<group>"; };
/* End PBXFileReference section */

/* Begin PBXFrameworksBuildPhase section */
		926BD8CD2B894E7900C561BF /* Frameworks */ = {
			isa = PBXFrameworksBuildPhase;
			buildActionMask = 2147483647;
			files = (
				926BD8E92B89503300C561BF /* Lottie in Frameworks */,
				926BD8FB2B897E4B00C561BF /* SnapKit in Frameworks */,
			);
			runOnlyForDeploymentPostprocessing = 0;
		};
/* End PBXFrameworksBuildPhase section */

/* Begin PBXGroup section */
		926BD8C72B894E7900C561BF = {
			isa = PBXGroup;
			children = (
				926BD8D22B894E7900C561BF /* pulltorefresh */,
				926BD8D12B894E7900C561BF /* Products */,
			);
			sourceTree = "<group>";
		};
		926BD8D12B894E7900C561BF /* Products */ = {
			isa = PBXGroup;
			children = (
				926BD8D02B894E7900C561BF /* pulltorefresh.app */,
			);
			name = Products;
			sourceTree = "<group>";
		};
		926BD8D22B894E7900C561BF /* pulltorefresh */ = {
			isa = PBXGroup;
			children = (
				926BD8D32B894E7900C561BF /* AppDelegate.swift */,
				926BD8D52B894E7900C561BF /* SceneDelegate.swift */,
				926BD8D72B894E7900C561BF /* ViewController.swift */,
				92CE61BB2B89EF0C009BBAB6 /* CompositionalLayoutSectionHelper.swift */,
				926BD8D92B894E7900C561BF /* Main.storyboard */,
				926BD8DC2B894E7A00C561BF /* Assets.xcassets */,
				926BD8DE2B894E7A00C561BF /* LaunchScreen.storyboard */,
				926BD8E12B894E7A00C561BF /* Info.plist */,
				926BD8F52B89536F00C561BF /* Animation.json */,
			);
			path = pulltorefresh;
			sourceTree = "<group>";
		};
/* End PBXGroup section */

/* Begin PBXNativeTarget section */
		926BD8CF2B894E7900C561BF /* pulltorefresh */ = {
			isa = PBXNativeTarget;
			buildConfigurationList = 926BD8E42B894E7A00C561BF /* Build configuration list for PBXNativeTarget "pulltorefresh" */;
			buildPhases = (
				926BD8CC2B894E7900C561BF /* Sources */,
				926BD8CD2B894E7900C561BF /* Frameworks */,
				926BD8CE2B894E7900C561BF /* Resources */,
			);
			buildRules = (
			);
			dependencies = (
			);
			name = pulltorefresh;
			packageProductDependencies = (
				926BD8E82B89503300C561BF /* Lottie */,
				926BD8FA2B897E4B00C561BF /* SnapKit */,
			);
			productName = pulltorefresh;
			productReference = 926BD8D02B894E7900C561BF /* pulltorefresh.app */;
			productType = "com.apple.product-type.application";
		};
/* End PBXNativeTarget section */

/* Begin PBXProject section */
		926BD8C82B894E7900C561BF /* Project object */ = {
			isa = PBXProject;
			attributes = {
				BuildIndependentTargetsInParallel = 1;
				LastSwiftUpdateCheck = 1500;
				LastUpgradeCheck = 1500;
				TargetAttributes = {
					926BD8CF2B894E7900C561BF = {
						CreatedOnToolsVersion = 15.0;
					};
				};
			};
			buildConfigurationList = 926BD8CB2B894E7900C561BF /* Build configuration list for PBXProject "pulltorefresh" */;
			compatibilityVersion = "Xcode 14.0";
			developmentRegion = en;
			hasScannedForEncodings = 0;
			knownRegions = (
				en,
				Base,
			);
			mainGroup = 926BD8C72B894E7900C561BF;
			packageReferences = (
				926BD8E72B89503300C561BF /* XCRemoteSwiftPackageReference "lottie-spm" */,
				926BD8F92B897E4B00C561BF /* XCRemoteSwiftPackageReference "SnapKit" */,
			);
			productRefGroup = 926BD8D12B894E7900C561BF /* Products */;
			projectDirPath = "";
			projectRoot = "";
			targets = (
				926BD8CF2B894E7900C561BF /* pulltorefresh */,
			);
		};
/* End PBXProject section */

/* Begin PBXResourcesBuildPhase section */
		926BD8CE2B894E7900C561BF /* Resources */ = {
			isa = PBXResourcesBuildPhase;
			buildActionMask = 2147483647;
			files = (
				926BD8F62B89536F00C561BF /* Animation.json in Resources */,
				926BD8E02B894E7A00C561BF /* LaunchScreen.storyboard in Resources */,
				926BD8DD2B894E7A00C561BF /* Assets.xcassets in Resources */,
				926BD8DB2B894E7900C561BF /* Main.storyboard in Resources */,
			);
			runOnlyForDeploymentPostprocessing = 0;
		};
/* End PBXResourcesBuildPhase section */

/* Begin PBXSourcesBuildPhase section */
		926BD8CC2B894E7900C561BF /* Sources */ = {
			isa = PBXSourcesBuildPhase;
			buildActionMask = 2147483647;
			files = (
				926BD8D82B894E7900C561BF /* ViewController.swift in Sources */,
				92CE61BC2B89EF0C009BBAB6 /* CompositionalLayoutSectionHelper.swift in Sources */,
				926BD8D42B894E7900C561BF /* AppDelegate.swift in Sources */,
				926BD8D62B894E7900C561BF /* SceneDelegate.swift in Sources */,
			);
			runOnlyForDeploymentPostprocessing = 0;
		};
/* End PBXSourcesBuildPhase section */

/* Begin PBXVariantGroup section */
		926BD8D92B894E7900C561BF /* Main.storyboard */ = {
			isa = PBXVariantGroup;
			children = (
				926BD8DA2B894E7900C561BF /* Base */,
			);
			name = Main.storyboard;
			sourceTree = "<group>";
		};
		926BD8DE2B894E7A00C561BF /* LaunchScreen.storyboard */ = {
			isa = PBXVariantGroup;
			children = (
				926BD8DF2B894E7A00C561BF /* Base */,
			);
			name = LaunchScreen.storyboard;
			sourceTree = "<group>";
		};
/* End PBXVariantGroup section */

/* Begin XCBuildConfiguration section */
		926BD8E22B894E7A00C561BF /* Debug */ = {
			isa = XCBuildConfiguration;
			buildSettings = {
				ALWAYS_SEARCH_USER_PATHS = NO;
				ASSETCATALOG_COMPILER_GENERATE_SWIFT_ASSET_SYMBOL_EXTENSIONS = YES;
				CLANG_ANALYZER_NONNULL = YES;
				CLANG_ANALYZER_NUMBER_OBJECT_CONVERSION = YES_AGGRESSIVE;
				CLANG_CXX_LANGUAGE_STANDARD = "gnu++20";
				CLANG_ENABLE_MODULES = YES;
				CLANG_ENABLE_OBJC_ARC = YES;
				CLANG_ENABLE_OBJC_WEAK = YES;
				CLANG_WARN_BLOCK_CAPTURE_AUTORELEASING = YES;
				CLANG_WARN_BOOL_CONVERSION = YES;
				CLANG_WARN_COMMA = YES;
				CLANG_WARN_CONSTANT_CONVERSION = YES;
				CLANG_WARN_DEPRECATED_OBJC_IMPLEMENTATIONS = YES;
				CLANG_WARN_DIRECT_OBJC_ISA_USAGE = YES_ERROR;
				CLANG_WARN_DOCUMENTATION_COMMENTS = YES;
				CLANG_WARN_EMPTY_BODY = YES;
				CLANG_WARN_ENUM_CONVERSION = YES;
				CLANG_WARN_INFINITE_RECURSION = YES;
				CLANG_WARN_INT_CONVERSION = YES;
				CLANG_WARN_NON_LITERAL_NULL_CONVERSION = YES;
				CLANG_WARN_OBJC_IMPLICIT_RETAIN_SELF = YES;
				CLANG_WARN_OBJC_LITERAL_CONVERSION = YES;
				CLANG_WARN_OBJC_ROOT_CLASS = YES_ERROR;
				CLANG_WARN_QUOTED_INCLUDE_IN_FRAMEWORK_HEADER = YES;
				CLANG_WARN_RANGE_LOOP_ANALYSIS = YES;
				CLANG_WARN_STRICT_PROTOTYPES = YES;
				CLANG_WARN_SUSPICIOUS_MOVE = YES;
				CLANG_WARN_UNGUARDED_AVAILABILITY = YES_AGGRESSIVE;
				CLANG_WARN_UNREACHABLE_CODE = YES;
				CLANG_WARN__DUPLICATE_METHOD_MATCH = YES;
				COPY_PHASE_STRIP = NO;
				DEBUG_INFORMATION_FORMAT = dwarf;
				ENABLE_STRICT_OBJC_MSGSEND = YES;
				ENABLE_TESTABILITY = YES;
				ENABLE_USER_SCRIPT_SANDBOXING = YES;
				GCC_C_LANGUAGE_STANDARD = gnu17;
				GCC_DYNAMIC_NO_PIC = NO;
				GCC_NO_COMMON_BLOCKS = YES;
				GCC_OPTIMIZATION_LEVEL = 0;
				GCC_PREPROCESSOR_DEFINITIONS = (
					"DEBUG=1",
					"$(inherited)",
				);
				GCC_WARN_64_TO_32_BIT_CONVERSION = YES;
				GCC_WARN_ABOUT_RETURN_TYPE = YES_ERROR;
				GCC_WARN_UNDECLARED_SELECTOR = YES;
				GCC_WARN_UNINITIALIZED_AUTOS = YES_AGGRESSIVE;
				GCC_WARN_UNUSED_FUNCTION = YES;
				GCC_WARN_UNUSED_VARIABLE = YES;
				IPHONEOS_DEPLOYMENT_TARGET = 17.0;
				LOCALIZATION_PREFERS_STRING_CATALOGS = YES;
				MTL_ENABLE_DEBUG_INFO = INCLUDE_SOURCE;
				MTL_FAST_MATH = YES;
				ONLY_ACTIVE_ARCH = YES;
				SDKROOT = iphoneos;
				SWIFT_ACTIVE_COMPILATION_CONDITIONS = "DEBUG $(inherited)";
				SWIFT_OPTIMIZATION_LEVEL = "-Onone";
			};
			name = Debug;
		};
		926BD8E32B894E7A00C561BF /* Release */ = {
			isa = XCBuildConfiguration;
			buildSettings = {
				ALWAYS_SEARCH_USER_PATHS = NO;
				ASSETCATALOG_COMPILER_GENERATE_SWIFT_ASSET_SYMBOL_EXTENSIONS = YES;
				CLANG_ANALYZER_NONNULL = YES;
				CLANG_ANALYZER_NUMBER_OBJECT_CONVERSION = YES_AGGRESSIVE;
				CLANG_CXX_LANGUAGE_STANDARD = "gnu++20";
				CLANG_ENABLE_MODULES = YES;
				CLANG_ENABLE_OBJC_ARC = YES;
				CLANG_ENABLE_OBJC_WEAK = YES;
				CLANG_WARN_BLOCK_CAPTURE_AUTORELEASING = YES;
				CLANG_WARN_BOOL_CONVERSION = YES;
				CLANG_WARN_COMMA = YES;
				CLANG_WARN_CONSTANT_CONVERSION = YES;
				CLANG_WARN_DEPRECATED_OBJC_IMPLEMENTATIONS = YES;
				CLANG_WARN_DIRECT_OBJC_ISA_USAGE = YES_ERROR;
				CLANG_WARN_DOCUMENTATION_COMMENTS = YES;
				CLANG_WARN_EMPTY_BODY = YES;
				CLANG_WARN_ENUM_CONVERSION = YES;
				CLANG_WARN_INFINITE_RECURSION = YES;
				CLANG_WARN_INT_CONVERSION = YES;
				CLANG_WARN_NON_LITERAL_NULL_CONVERSION = YES;
				CLANG_WARN_OBJC_IMPLICIT_RETAIN_SELF = YES;
				CLANG_WARN_OBJC_LITERAL_CONVERSION = YES;
				CLANG_WARN_OBJC_ROOT_CLASS = YES_ERROR;
				CLANG_WARN_QUOTED_INCLUDE_IN_FRAMEWORK_HEADER = YES;
				CLANG_WARN_RANGE_LOOP_ANALYSIS = YES;
				CLANG_WARN_STRICT_PROTOTYPES = YES;
				CLANG_WARN_SUSPICIOUS_MOVE = YES;
				CLANG_WARN_UNGUARDED_AVAILABILITY = YES_AGGRESSIVE;
				CLANG_WARN_UNREACHABLE_CODE = YES;
				CLANG_WARN__DUPLICATE_METHOD_MATCH = YES;
				COPY_PHASE_STRIP = NO;
				DEBUG_INFORMATION_FORMAT = "dwarf-with-dsym";
				ENABLE_NS_ASSERTIONS = NO;
				ENABLE_STRICT_OBJC_MSGSEND = YES;
				ENABLE_USER_SCRIPT_SANDBOXING = YES;
				GCC_C_LANGUAGE_STANDARD = gnu17;
				GCC_NO_COMMON_BLOCKS = YES;
				GCC_WARN_64_TO_32_BIT_CONVERSION = YES;
				GCC_WARN_ABOUT_RETURN_TYPE = YES_ERROR;
				GCC_WARN_UNDECLARED_SELECTOR = YES;
				GCC_WARN_UNINITIALIZED_AUTOS = YES_AGGRESSIVE;
				GCC_WARN_UNUSED_FUNCTION = YES;
				GCC_WARN_UNUSED_VARIABLE = YES;
				IPHONEOS_DEPLOYMENT_TARGET = 17.0;
				LOCALIZATION_PREFERS_STRING_CATALOGS = YES;
				MTL_ENABLE_DEBUG_INFO = NO;
				MTL_FAST_MATH = YES;
				SDKROOT = iphoneos;
				SWIFT_COMPILATION_MODE = wholemodule;
				VALIDATE_PRODUCT = YES;
			};
			name = Release;
		};
		926BD8E52B894E7A00C561BF /* Debug */ = {
			isa = XCBuildConfiguration;
			buildSettings = {
				ASSETCATALOG_COMPILER_APPICON_NAME = AppIcon;
				ASSETCATALOG_COMPILER_GLOBAL_ACCENT_COLOR_NAME = AccentColor;
				CODE_SIGN_STYLE = Automatic;
				CURRENT_PROJECT_VERSION = 1;
				DEVELOPMENT_TEAM = 9Y58TRUZ8U;
				GENERATE_INFOPLIST_FILE = YES;
				INFOPLIST_FILE = pulltorefresh/Info.plist;
				INFOPLIST_KEY_UIApplicationSupportsIndirectInputEvents = YES;
				INFOPLIST_KEY_UILaunchStoryboardName = LaunchScreen;
				INFOPLIST_KEY_UIMainStoryboardFile = Main;
				INFOPLIST_KEY_UISupportedInterfaceOrientations_iPad = "UIInterfaceOrientationPortrait UIInterfaceOrientationPortraitUpsideDown UIInterfaceOrientationLandscapeLeft UIInterfaceOrientationLandscapeRight";
				INFOPLIST_KEY_UISupportedInterfaceOrientations_iPhone = "UIInterfaceOrientationPortrait UIInterfaceOrientationLandscapeLeft UIInterfaceOrientationLandscapeRight";
				LD_RUNPATH_SEARCH_PATHS = (
					"$(inherited)",
					"@executable_path/Frameworks",
				);
				MARKETING_VERSION = 1.0;
				PRODUCT_BUNDLE_IDENTIFIER = com.ScissorsCo.pulltorefresh;
				PRODUCT_NAME = "$(TARGET_NAME)";
				SWIFT_EMIT_LOC_STRINGS = YES;
				SWIFT_VERSION = 5.0;
				TARGETED_DEVICE_FAMILY = "1,2";
			};
			name = Debug;
		};
		926BD8E62B894E7A00C561BF /* Release */ = {
			isa = XCBuildConfiguration;
			buildSettings = {
				ASSETCATALOG_COMPILER_APPICON_NAME = AppIcon;
				ASSETCATALOG_COMPILER_GLOBAL_ACCENT_COLOR_NAME = AccentColor;
				CODE_SIGN_STYLE = Automatic;
				CURRENT_PROJECT_VERSION = 1;
				DEVELOPMENT_TEAM = 9Y58TRUZ8U;
				GENERATE_INFOPLIST_FILE = YES;
				INFOPLIST_FILE = pulltorefresh/Info.plist;
				INFOPLIST_KEY_UIApplicationSupportsIndirectInputEvents = YES;
				INFOPLIST_KEY_UILaunchStoryboardName = LaunchScreen;
				INFOPLIST_KEY_UIMainStoryboardFile = Main;
				INFOPLIST_KEY_UISupportedInterfaceOrientations_iPad = "UIInterfaceOrientationPortrait UIInterfaceOrientationPortraitUpsideDown UIInterfaceOrientationLandscapeLeft UIInterfaceOrientationLandscapeRight";
				INFOPLIST_KEY_UISupportedInterfaceOrientations_iPhone = "UIInterfaceOrientationPortrait UIInterfaceOrientationLandscapeLeft UIInterfaceOrientationLandscapeRight";
				LD_RUNPATH_SEARCH_PATHS = (
					"$(inherited)",
					"@executable_path/Frameworks",
				);
				MARKETING_VERSION = 1.0;
				PRODUCT_BUNDLE_IDENTIFIER = com.ScissorsCo.pulltorefresh;
				PRODUCT_NAME = "$(TARGET_NAME)";
				SWIFT_EMIT_LOC_STRINGS = YES;
				SWIFT_VERSION = 5.0;
				TARGETED_DEVICE_FAMILY = "1,2";
			};
			name = Release;
		};
/* End XCBuildConfiguration section */

/* Begin XCConfigurationList section */
		926BD8CB2B894E7900C561BF /* Build configuration list for PBXProject "pulltorefresh" */ = {
			isa = XCConfigurationList;
			buildConfigurations = (
				926BD8E22B894E7A00C561BF /* Debug */,
				926BD8E32B894E7A00C561BF /* Release */,
			);
			defaultConfigurationIsVisible = 0;
			defaultConfigurationName = Release;
		};
		926BD8E42B894E7A00C561BF /* Build configuration list for PBXNativeTarget "pulltorefresh" */ = {
			isa = XCConfigurationList;
			buildConfigurations = (
				926BD8E52B894E7A00C561BF /* Debug */,
				926BD8E62B894E7A00C561BF /* Release */,
			);
			defaultConfigurationIsVisible = 0;
			defaultConfigurationName = Release;
		};
/* End XCConfigurationList section */

/* Begin XCRemoteSwiftPackageReference section */
		926BD8E72B89503300C561BF /* XCRemoteSwiftPackageReference "lottie-spm" */ = {
			isa = XCRemoteSwiftPackageReference;
			repositoryURL = "https://github.com/airbnb/lottie-spm.git";
			requirement = {
				kind = upToNextMajorVersion;
				minimumVersion = 4.4.1;
			};
		};
		926BD8F92B897E4B00C561BF /* XCRemoteSwiftPackageReference "SnapKit" */ = {
			isa = XCRemoteSwiftPackageReference;
			repositoryURL = "https://github.com/SnapKit/SnapKit.git";
			requirement = {
				kind = upToNextMajorVersion;
				minimumVersion = 5.7.1;
			};
		};
/* End XCRemoteSwiftPackageReference section */

/* Begin XCSwiftPackageProductDependency section */
		926BD8E82B89503300C561BF /* Lottie */ = {
			isa = XCSwiftPackageProductDependency;
			package = 926BD8E72B89503300C561BF /* XCRemoteSwiftPackageReference "lottie-spm" */;
			productName = Lottie;
		};
		926BD8FA2B897E4B00C561BF /* SnapKit */ = {
			isa = XCSwiftPackageProductDependency;
			package = 926BD8F92B897E4B00C561BF /* XCRemoteSwiftPackageReference "SnapKit" */;
			productName = SnapKit;
		};
/* End XCSwiftPackageProductDependency section */
	};
	rootObject = 926BD8C82B894E7900C561BF /* Project object */;
}
